
Microsoft Visual Studio Solution File, Format Version 12.00
# Visual Studio Version 16
VisualStudioVersion = 16.0.30611.23
MinimumVisualStudioVersion = 10.0.40219.1
Project("{FAE04EC0-301F-11D3-BF4B-00C04F79EFBC}") = "GitHub Test", "GitHub Test\GitHub Test.csproj", "{A6A520DE-99A2-4DE1-AFE6-1AFE7B42D8E9}"
EndProject
Global
	GlobalSection(SolutionConfigurationPlatforms) = preSolution
		Debug|Any CPU = Debug|Any CPU
		Release|Any CPU = Release|Any CPU
	EndGlobalSection
	GlobalSection(ProjectConfigurationPlatforms) = postSolution
		{A6A520DE-99A2-4DE1-AFE6-1AFE7B42D8E9}.Debug|Any CPU.ActiveCfg = Debug|Any CPU
		{A6A520DE-99A2-4DE1-AFE6-1AFE7B42D8E9}.Debug|Any CPU.Build.0 = Debug|Any CPU
		{A6A520DE-99A2-4DE1-AFE6-1AFE7B42D8E9}.Release|Any CPU.ActiveCfg = Release|Any CPU
		{A6A520DE-99A2-4DE1-AFE6-1AFE7B42D8E9}.Release|Any CPU.Build.0 = Release|Any CPU
	EndGlobalSection
	GlobalSection(SolutionProperties) = preSolution
		HideSolutionNode = FALSE
	EndGlobalSection
	GlobalSection(ExtensibilityGlobals) = postSolution
		SolutionGuid = {C86B5600-71D5-4842-9E9A-07D8E4E9F991}
	EndGlobalSection
EndGlobal
